{
  "nodes": {
    "actions-nix": {
      "inputs": {
        "flake-parts": [
          "nixos-config",
          "firefox-extensions-declarative",
          "flake-parts"
        ],
        "git-hooks": [
          "nixos-config",
          "firefox-extensions-declarative",
          "git-hooks"
        ],
        "nixpkgs": [
          "nixos-config",
          "firefox-extensions-declarative",
          "nixpkgs"
        ]
      },
      "locked": {
        "lastModified": 1782299217,
        "narHash": "sha256-TqhsEw7SheE8QPpRUiCPA4UpL6qCgRstxkR6dIFD0zs=",
        "owner": "nialov",
        "repo": "actions.nix",
        "rev": "25d2104c420cceacbf5b3935e2dd1dbfabe01d8c",
        "type": "github"
      },
      "original": {
        "owner": "nialov",
        "repo": "actions.nix",
        "type": "github"
      }
    },
    "asus-px-keyboard-tool": {
      "inputs": {
        "nixpkgs": "nixpkgs"
      },
      "locked": {
        "lastModified": 1757429398,
        "narHash": "sha256-9KMo5lliZlwS21ZEmQdusrYKPeEr42VU8WCzgWWHngA=",
        "owner": "a-chaudhari",
        "repo": "asus-px-keyboard-tool",
        "rev": "4766393c4d08e580a40f714211bf56bc4db0f6bf",
        "type": "github"
      },
      "original": {
        "owner": "a-chaudhari",
        "repo": "asus-px-keyboard-tool",
        "type": "github"
      }
    },
    "bun2nix": {
      "inputs": {
        "flake-parts": [
          "nixos-config",
          "llm-agents",
          "flake-parts"
        ],
        "nixpkgs": [
          "nixos-config",
          "llm-agents",
          "nixpkgs"
        ],
        "systems": [
          "nixos-config",
          "llm-agents",
          "systems"
        ],
        "treefmt-nix": [
          "nixos-config",
          "llm-agents",
          "treefmt-nix"
        ]
      },
      "locked": {
        "lastModified": 1784665499,
        "narHash": "sha256-9BMxlTxCCDAeoNLtb1a/st7udtTIJep+wpUzquA29VU=",
        "owner": "nix-community",
        "repo": "bun2nix",
        "rev": "0f2a1f0b6f42cebe3b149bf62d38754c5e0e9729",
        "type": "github"
      },
      "original": {
        "owner": "nix-community",
        "repo": "bun2nix",
        "type": "github"
      }
    },
    "callpackage-tree": {
      "flake": false,
      "locked": {
        "lastModified": 1782343342,
        "narHash": "sha256-/4DCl94MewfBJLs0Eij/mlfsS9+kucWPadVzeM+gCDc=",
        "owner": "bitbloxhub",
        "repo": "callpackage-tree",
        "rev": "e11027b483881fc4984478a01dfb99577bb31c03",
        "type": "github"
      },
      "original": {
        "owner": "bitbloxhub",
        "repo": "callpackage-tree",
        "type": "github"
      }
    },
    "catppuccin": {
      "inputs": {
        "nixpkgs": "nixpkgs_2"
      },
      "locked": {
        "lastModified": 1785485193,
        "narHash": "sha256-JgUmb34d3Zv1W5fYukqEUEDHSaWhw7WV9HVUXOmOCaA=",
        "owner": "catppuccin",
        "repo": "nix",
        "rev": "41c4ebf8cb3e4052001947a457b4ac093e5dc119",
        "type": "github"
      },
      "original": {
        "owner": "catppuccin",
        "ref": "main",
        "repo": "nix",
        "type": "github"
      }
    },
    "catppuccin-zen-browser": {
      "flake": false,
      "locked": {
        "dir": "themes/Macchiato/Lavender",
        "lastModified": 1779483618,
        "narHash": "sha256-ZIS+OTpUJ/X7nsrprvu/kMufkTCHgB9qIBLoiSJI0oQ=",
        "owner": "code-irisnk",
        "repo": "catppuccin-zen-browser",
        "rev": "ae756cc442fcc6f9427cdca5978f148f7f792dfa",
        "type": "github"
      },
      "original": {
        "dir": "themes/Macchiato/Lavender",
        "owner": "code-irisnk",
        "ref": "main",
        "repo": "catppuccin-zen-browser",
        "type": "github"
      }
    },
    "crane": {
      "locked": {
        "lastModified": 1784564969,
        "narHash": "sha256-TkTWNhJV/8Wk3czlbz4bwHZkFCaCHPsOy+oJe4PUiXg=",
        "owner": "ipetkov",
        "repo": "crane",
        "rev": "7930f6c291de6f83c257839d434592aa085f290a",
        "type": "github"
      },
      "original": {
        "owner": "ipetkov",
        "repo": "crane",
        "type": "github"
      }
    },
    "dank-material-shell": {
      "inputs": {
        "dank-qml-common": "dank-qml-common",
        "flake-compat": "flake-compat",
        "nixpkgs": [
          "nixos-config",
          "nixpkgs"
        ]
      },
      "locked": {
        "lastModified": 1785896134,
        "narHash": "sha256-ieuihkQ8t+9to1CC0HFxCNrTY0tRGud1x7qxAdOXhrs=",
        "owner": "AvengeMedia",
        "repo": "DankMaterialShell",
        "rev": "6ad46cf2c2480ac50ee5e814453e9b38bd085784",
        "type": "github"
      },
      "original": {
        "owner": "AvengeMedia",
        "repo": "DankMaterialShell",
        "type": "github"
      }
    },
    "dank-qml-common": {
      "flake": false,
      "locked": {
        "lastModified": 1785445867,
        "narHash": "sha256-l9IRsLIVZ7bV+KMuTdCga89tGt4lpdMXhQR7f/2qoe4=",
        "owner": "AvengeMedia",
        "repo": "dank-qml-common",
        "rev": "3b06bd9372e18bc8086cc3958d4f677d57fbfdd8",
        "type": "github"
      },
      "original": {
        "owner": "AvengeMedia",
        "repo": "dank-qml-common",
        "type": "github"
      }
    },
    "dank-qml-common_2": {
      "flake": false,
      "locked": {
        "lastModified": 1784074596,
        "narHash": "sha256-/rCqHgC39mHvBDxb/dZLWCQ3W4ev94y3/1KtCRSPDp8=",
        "owner": "AvengeMedia",
        "repo": "dank-qml-common",
        "rev": "b50afcf549f7e9c8f07c85b7f3fbba867701650d",
        "type": "github"
      },
      "original": {
        "owner": "AvengeMedia",
        "repo": "dank-qml-common",
        "type": "github"
      }
    },
    "dankcalendar": {
      "inputs": {
        "dank-qml-common": "dank-qml-common_2",
        "nixpkgs": [
          "nixos-config",
          "nixpkgs"
        ]
      },
      "locked": {
        "lastModified": 1785617619,
        "narHash": "sha256-MDUHB9hKjP6nse+zTqgbcb1/pBgjV/FJ1j/4hkChu+M=",
        "owner": "AvengeMedia",
        "repo": "dankcalendar",
        "rev": "01a431722fe2afbfc6e99698a7ba9894ca834a5e",
        "type": "github"
      },
      "original": {
        "owner": "AvengeMedia",
        "repo": "dankcalendar",
        "type": "github"
      }
    },
    "disko": {
      "inputs": {
        "nixpkgs": [
          "nixos-config",
          "nixpkgs"
        ]
      },
      "locked": {
        "lastModified": 1768920986,
        "narHash": "sha256-CNzzBsRhq7gg4BMBuTDObiWDH/rFYHEuDRVOwCcwXw4=",
        "owner": "nix-community",
        "repo": "disko",
        "rev": "de5708739256238fb912c62f03988815db89ec9a",
        "type": "github"
      },
      "original": {
        "owner": "nix-community",
        "ref": "latest",
        "repo": "disko",
        "type": "github"
      }
    },
    "firefox-extensions-declarative": {
      "inputs": {
        "actions-nix": "actions-nix",
        "callpackage-tree": "callpackage-tree",
        "flake-file": "flake-file",
        "flake-parts": "flake-parts_2",
        "flint": "flint",
        "git-hooks": "git-hooks",
        "import-tree": "import-tree",
        "make-shell": "make-shell",
        "nix-auto-ci": "nix-auto-ci",
        "nixpkgs": "nixpkgs_3",
        "treefmt-nix": "treefmt-nix"
      },
      "locked": {
        "lastModified": 1785701625,
        "narHash": "sha256-AGD678e62jx/VzPN2aFuILq/LzmOh5ZPgcQPY1iLC1o=",
        "owner": "firefox-extensions-declarative",
        "repo": "firefox-extensions-declarative",
        "rev": "de783956e71d000b1ffc0bd68678c645773ef0d5",
        "type": "github"
      },
      "original": {
        "owner": "firefox-extensions-declarative",
        "repo": "firefox-extensions-declarative",
        "type": "github"
      }
    },
    "flake-compat": {
      "flake": false,
      "locked": {
        "lastModified": 1767039857,
        "narHash": "sha256-vNpUSpF5Nuw8xvDLj2KCwwksIbjua2LZCqhV1LNRDns=",
        "owner": "NixOS",
        "repo": "flake-compat",
        "rev": "5edf11c44bc78a0d334f6334cdaf7d60d732daab",
        "type": "github"
      },
      "original": {
        "owner": "NixOS",
        "repo": "flake-compat",
        "type": "github"
      }
    },
    "flake-compat_2": {
      "flake": false,
      "locked": {
        "lastModified": 1767039857,
        "narHash": "sha256-vNpUSpF5Nuw8xvDLj2KCwwksIbjua2LZCqhV1LNRDns=",
        "owner": "NixOS",
        "repo": "flake-compat",
        "rev": "5edf11c44bc78a0d334f6334cdaf7d60d732daab",
        "type": "github"
      },
      "original": {
        "owner": "NixOS",
        "repo": "flake-compat",
        "type": "github"
      }
    },
    "flake-compat_3": {
      "flake": false,
      "locked": {
        "lastModified": 1767039857,
        "narHash": "sha256-vNpUSpF5Nuw8xvDLj2KCwwksIbjua2LZCqhV1LNRDns=",
        "owner": "NixOS",
        "repo": "flake-compat",
        "rev": "5edf11c44bc78a0d334f6334cdaf7d60d732daab",
        "type": "github"
      },
      "original": {
        "owner": "NixOS",
        "repo": "flake-compat",
        "type": "github"
      }
    },
    "flake-file": {
      "locked": {
        "lastModified": 1781217157,
        "narHash": "sha256-N3q/SP2Ropk336e9KSgLh7kpROY6P70dprYdbPIfd5c=",
        "owner": "vic",
        "repo": "flake-file",
        "rev": "ce63eaf7ebfe04a176653f66385a7f0a36380cee",
        "type": "github"
      },
      "original": {
        "owner": "vic",
        "repo": "flake-file",
        "type": "github"
      }
    },
    "flake-parts": {
      "inputs": {
        "nixpkgs-lib": "nixpkgs-lib"
      },
      "locked": {
        "lastModified": 1785627969,
        "narHash": "sha256-4dtXQk/NMePegK/nWp5NSeuZKLATItOq61lpEvmXqGw=",
        "owner": "hercules-ci",
        "repo": "flake-parts",
        "rev": "427bf4bd9435fdf21321c8cc628c24efc14c0f7a",
        "type": "github"
      },
      "original": {
        "owner": "hercules-ci",
        "repo": "flake-parts",
        "type": "github"
      }
    },
    "flake-parts_2": {
      "inputs": {
        "nixpkgs-lib": [
          "nixos-config",
          "firefox-extensions-declarative",
          "nixpkgs"
        ]
      },
      "locked": {
        "lastModified": 1778716662,
        "narHash": "sha256-m1Yf0wZ8j1OHjTc2UwHwyQRSnNeSgLJOd7q5Y45hzi4=",
        "owner": "hercules-ci",
        "repo": "flake-parts",
        "rev": "f7c1a2d347e4c52d5fb8d10cb4d94b5884e546fb",
        "type": "github"
      },
      "original": {
        "owner": "hercules-ci",
        "repo": "flake-parts",
        "type": "github"
      }
    },
    "flake-parts_3": {
      "inputs": {
        "nixpkgs-lib": [
          "nixos-config",
          "llm-agents",
          "nixpkgs"
        ]
      },
      "locked": {
        "lastModified": 1785627969,
        "narHash": "sha256-4dtXQk/NMePegK/nWp5NSeuZKLATItOq61lpEvmXqGw=",
        "owner": "hercules-ci",
        "repo": "flake-parts",
        "rev": "427bf4bd9435fdf21321c8cc628c24efc14c0f7a",
        "type": "github"
      },
      "original": {
        "owner": "hercules-ci",
        "repo": "flake-parts",
        "type": "github"
      }
    },
    "flake-parts_4": {
      "inputs": {
        "nixpkgs-lib": "nixpkgs-lib_2"
      },
      "locked": {
        "lastModified": 1785627969,
        "narHash": "sha256-4dtXQk/NMePegK/nWp5NSeuZKLATItOq61lpEvmXqGw=",
        "owner": "hercules-ci",
        "repo": "flake-parts",
        "rev": "427bf4bd9435fdf21321c8cc628c24efc14c0f7a",
        "type": "github"
      },
      "original": {
        "owner": "hercules-ci",
        "repo": "flake-parts",
        "type": "github"
      }
    },
    "flake-parts_5": {
      "inputs": {
        "nixpkgs-lib": [
          "nixos-config",
          "wayland-pipewire-idle-inhibit",
          "nixpkgs"
        ]
      },
      "locked": {
        "lastModified": 1772408722,
        "narHash": "sha256-rHuJtdcOjK7rAHpHphUb1iCvgkU3GpfvicLMwwnfMT0=",
        "owner": "hercules-ci",
        "repo": "flake-parts",
        "rev": "f20dc5d9b8027381c474144ecabc9034d6a839a3",
        "type": "github"
      },
      "original": {
        "owner": "hercules-ci",
        "repo": "flake-parts",
        "type": "github"
      }
    },
    "flake-parts_6": {
      "inputs": {
        "nixpkgs-lib": [
          "nixvim",
          "nixpkgs"
        ]
      },
      "locked": {
        "lastModified": 1785627969,
        "narHash": "sha256-4dtXQk/NMePegK/nWp5NSeuZKLATItOq61lpEvmXqGw=",
        "owner": "hercules-ci",
        "repo": "flake-parts",
        "rev": "427bf4bd9435fdf21321c8cc628c24efc14c0f7a",
        "type": "github"
      },
      "original": {
        "owner": "hercules-ci",
        "repo": "flake-parts",
        "type": "github"
      }
    },
    "flake-utils": {
      "inputs": {
        "systems": "systems"
      },
      "locked": {
        "lastModified": 1731533236,
        "narHash": "sha256-l0KFg5HjrsfsO/JpG+r7fRrqm12kzFHyUHqHCVpMMbI=",
        "owner": "numtide",
        "repo": "flake-utils",
        "rev": "11707dc2f618dd54ca8739b309ec4fc024de578b",
        "type": "github"
      },
      "original": {
        "owner": "numtide",
        "repo": "flake-utils",
        "type": "github"
      }
    },
    "flint": {
      "inputs": {
        "nixpkgs": [
          "nixos-config",
          "firefox-extensions-declarative",
          "nixpkgs"
        ]
      },
      "locked": {
        "lastModified": 1767431140,
        "narHash": "sha256-ug37Jt6r8LP3161suTh6IW+fkx0a7kiSAhAPsVcPrkA=",
        "owner": "NotAShelf",
        "repo": "flint",
        "rev": "7832a5b5f5ef1243818f8f5e357ad1ee2d35d2b7",
        "type": "github"
      },
      "original": {
        "owner": "NotAShelf",
        "repo": "flint",
        "type": "github"
      }
    },
    "git-hooks": {
      "inputs": {
        "flake-compat": [
          "nixos-config",
          "firefox-extensions-declarative"
        ],
        "gitignore": "gitignore",
        "nixpkgs": [
          "nixos-config",
          "firefox-extensions-declarative",
          "nixpkgs"
        ]
      },
      "locked": {
        "lastModified": 1781733627,
        "narHash": "sha256-U3yTuGBnmXvXoQI3qkpfEDsn9RovQPAjN7ndRco+3u0=",
        "owner": "cachix",
        "repo": "git-hooks.nix",
        "rev": "3bbec39bc90eadfa031e6f3b77272f3f60803e39",
        "type": "github"
      },
      "original": {
        "owner": "cachix",
        "repo": "git-hooks.nix",
        "type": "github"
      }
    },
    "git-hooks_2": {
      "inputs": {
        "flake-compat": [
          "nixos-config",
          "nix-gaming",
          "flake-compat"
        ],
        "nixpkgs": [
          "nixos-config",
          "nix-gaming",
          "nixpkgs"
        ]
      },
      "locked": {
        "lastModified": 1784288435,
        "narHash": "sha256-ReRHaLgr/uVqdD8afFSn+myXIfpHeOhP0yYe0TJqAA8=",
        "owner": "cachix",
        "repo": "git-hooks.nix",
        "rev": "43b3c1ab9d40fb1dbb008f451988a91e375825e9",
        "type": "github"
      },
      "original": {
        "owner": "cachix",
        "repo": "git-hooks.nix",
        "type": "github"
      }
    },
    "github-avatar": {
      "flake": false,
      "locked": {
        "narHash": "sha256-K2aO4Is8pEmxJZuNZEm3/KHZEAiMp/unWLd2LvCD3h8=",
        "type": "file",
        "url": "https://avatars.githubusercontent.com/u/39891735?v=4"
      },
      "original": {
        "type": "file",
        "url": "https://avatars.githubusercontent.com/u/39891735?v=4"
      }
    },
    "gitignore": {
      "inputs": {
        "nixpkgs": [
          "nixos-config",
          "firefox-extensions-declarative",
          "git-hooks",
          "nixpkgs"
        ]
      },
      "locked": {
        "lastModified": 1709087332,
        "narHash": "sha256-HG2cCnktfHsKV0s4XW83gU3F57gaTljL9KNSuG6bnQs=",
        "owner": "hercules-ci",
        "repo": "gitignore.nix",
        "rev": "637db329424fd7e46cf4185293b9cc8c88c95394",
        "type": "github"
      },
      "original": {
        "owner": "hercules-ci",
        "repo": "gitignore.nix",
        "type": "github"
      }
    },
    "home-manager": {
      "inputs": {
        "nixpkgs": [
          "nixos-config",
          "nixpkgs"
        ]
      },
      "locked": {
        "lastModified": 1785119570,
        "narHash": "sha256-Rgs2xKnGLFWQscxUaXX07oyZeuMDOHEbqDOsgliLFGM=",
        "owner": "nix-community",
        "repo": "home-manager",
        "rev": "d4fd24667c8cbef124bb70a20380cab75ec8474d",
        "type": "github"
      },
      "original": {
        "owner": "nix-community",
        "ref": "release-26.05",
        "repo": "home-manager",
        "type": "github"
      }
    },
    "home-manager_2": {
      "inputs": {
        "nixpkgs": [
          "nixos-config",
          "zen-browser",
          "nixpkgs"
        ]
      },
      "locked": {
        "lastModified": 1785531816,
        "narHash": "sha256-vkMnV0JIyw+g/NmcfoajlGaAO+9a0ezia+FZohQJrik=",
        "owner": "nix-community",
        "repo": "home-manager",
        "rev": "bf9ce9fec78f95f374e8dd3b503863a3ec128ebe",
        "type": "github"
      },
      "original": {
        "owner": "nix-community",
        "repo": "home-manager",
        "type": "github"
      }
    },
    "hyprdynamicmonitors": {
      "inputs": {
        "flake-utils": "flake-utils",
        "nixpkgs": "nixpkgs_4"
      },
      "locked": {
        "lastModified": 1770063063,
        "narHash": "sha256-/wTzLGt91bstSqhi8MMcRTVx4L0YEHkhnVBZarQo4BA=",
        "owner": "fiffeek",
        "repo": "hyprdynamicmonitors",
        "rev": "ce4292c0b136c7933eaf3b79ac72e659d81323cb",
        "type": "github"
      },
      "original": {
        "owner": "fiffeek",
        "repo": "hyprdynamicmonitors",
        "type": "github"
      }
    },
    "import-tree": {
      "locked": {
        "lastModified": 1778781969,
        "narHash": "sha256-Jjuz5CmSkur8KvLDoGa+vylEp+RkQtv4mt/qcMznpH0=",
        "owner": "vic",
        "repo": "import-tree",
        "rev": "d321337efd0f23a9eb14a42adb7b2c29313ab274",
        "type": "github"
      },
      "original": {
        "owner": "vic",
        "repo": "import-tree",
        "type": "github"
      }
    },
    "lanzaboote": {
      "inputs": {
        "crane": "crane",
        "nixpkgs": "nixpkgs_5",
        "pre-commit": "pre-commit",
        "rust-overlay": "rust-overlay"
      },
      "locked": {
        "lastModified": 1785749642,
        "narHash": "sha256-5/wlGe3a4ucxvYq2cuAAsuSFWKcIttQ6En83MLlV2jY=",
        "owner": "nix-community",
        "repo": "lanzaboote",
        "rev": "f142433bdbeffd2af51231e0aff7162c2bfbf6ef",
        "type": "github"
      },
      "original": {
        "owner": "nix-community",
        "repo": "lanzaboote",
        "type": "github"
      }
    },
    "llm-agents": {
      "inputs": {
        "bun2nix": "bun2nix",
        "flake-parts": "flake-parts_3",
        "nixpkgs": "nixpkgs_6",
        "systems": "systems_2",
        "treefmt-nix": "treefmt-nix_2"
      },
      "locked": {
        "lastModified": 1785907078,
        "narHash": "sha256-dA9DHO5Rz3yWPHHRRVVn2oGBJcaZJ7zDAjmqY1EQDss=",
        "owner": "numtide",
        "repo": "llm-agents.nix",
        "rev": "9c0f302b8c327f109c443f80eab7928fa661c1d6",
        "type": "github"
      },
      "original": {
        "owner": "numtide",
        "repo": "llm-agents.nix",
        "type": "github"
      }
    },
    "make-shell": {
      "inputs": {
        "flake-compat": [
          "nixos-config",
          "firefox-extensions-declarative"
        ]
      },
      "locked": {
        "lastModified": 1733933815,
        "narHash": "sha256-9JjM7eT66W4NJAXpGUsdyAFXhBxFWR2Z9LZwUa7Hli0=",
        "owner": "nicknovitski",
        "repo": "make-shell",
        "rev": "ffeceae9956df03571ea8e96ef77c2924f13a63c",
        "type": "github"
      },
      "original": {
        "owner": "nicknovitski",
        "repo": "make-shell",
        "type": "github"
      }
    },
    "niri-nix": {
      "inputs": {
        "niri-unstable": "niri-unstable",
        "nixpkgs": "nixpkgs_7",
        "xwayland-satellite-unstable": "xwayland-satellite-unstable"
      },
      "locked": {
        "lastModified": 1785888086,
        "narHash": "sha256-Y+1KfhruJN5Vz+vKxmWF+g6KKLCVpr56sHJgoWf+asE=",
        "ref": "refs/heads/main",
        "rev": "3c376b7e5977731127fd5f918502ec34377baca1",
        "revCount": 160,
        "type": "git",
        "url": "https://codeberg.org/BANanaD3V/niri-nix"
      },
      "original": {
        "type": "git",
        "url": "https://codeberg.org/BANanaD3V/niri-nix"
      }
    },
    "niri-pr-fork": {
      "flake": false,
      "locked": {
        "lastModified": 1779651868,
        "narHash": "sha256-bNvzDk/VISmjGZWZFWj8EK9dW8osmDkSxI3zCUVAMm0=",
        "owner": "atimofeev",
        "repo": "niri",
        "rev": "e05cf3e1e1b84fd10674ce1369135323d23c46c7",
        "type": "github"
      },
      "original": {
        "owner": "atimofeev",
        "repo": "niri",
        "type": "github"
      }
    },
    "niri-unstable": {
      "flake": false,
      "locked": {
        "lastModified": 1785701241,
        "narHash": "sha256-ircVOzPWRircI39ac/tqJajr5OoJxEVrDlBb05TULEk=",
        "owner": "YaLTeR",
        "repo": "niri",
        "rev": "feb3e43f1475e0865bb89cbd1e898b34d1d2ccf6",
        "type": "github"
      },
      "original": {
        "owner": "YaLTeR",
        "repo": "niri",
        "type": "github"
      }
    },
    "nix-auto-ci": {
      "inputs": {
        "actions-nix": [
          "nixos-config",
          "firefox-extensions-declarative",
          "actions-nix"
        ],
        "flake-parts": [
          "nixos-config",
          "firefox-extensions-declarative",
          "flake-parts"
        ],
        "git-hooks": [
          "nixos-config",
          "firefox-extensions-declarative",
          "git-hooks"
        ],
        "nixpkgs": [
          "nixos-config",
          "firefox-extensions-declarative",
          "nixpkgs"
        ]
      },
      "locked": {
        "lastModified": 1774054802,
        "narHash": "sha256-Cf6iwrCD+viB9QsEYnrV5OiJUoeWBQ9yHYUWqd/DU9Y=",
        "owner": "aigis-llm",
        "repo": "nix-auto-ci",
        "rev": "975695b598bda75406e6786d404daa3171c552f3",
        "type": "github"
      },
      "original": {
        "owner": "aigis-llm",
        "repo": "nix-auto-ci",
        "type": "github"
      }
    },
    "nix-gaming": {
      "inputs": {
        "flake-compat": "flake-compat_3",
        "flake-parts": "flake-parts_4",
        "git-hooks": "git-hooks_2",
        "nixpkgs": "nixpkgs_8"
      },
      "locked": {
        "lastModified": 1785898401,
        "narHash": "sha256-UxULHQDGAA818OpNhrzIOj9g6XYUarca/6pyEfYdOig=",
        "owner": "fufexan",
        "repo": "nix-gaming",
        "rev": "76fdf6463965839c5f3627d88a836b7a357746fa",
        "type": "github"
      },
      "original": {
        "owner": "fufexan",
        "repo": "nix-gaming",
        "type": "github"
      }
    },
    "nix-index-database": {
      "inputs": {
        "nixpkgs": [
          "nixos-config",
          "nixpkgs"
        ]
      },
      "locked": {
        "lastModified": 1785650611,
        "narHash": "sha256-q4kR7g+pCcz6NASvoVPYu+CWWUurX03wogtBqGmR4h0=",
        "owner": "nix-community",
        "repo": "nix-index-database",
        "rev": "dbc756c9d7287de19b3e0e38c928c47510d42c3e",
        "type": "github"
      },
      "original": {
        "owner": "nix-community",
        "repo": "nix-index-database",
        "type": "github"
      }
    },
    "nixos-config": {
      "inputs": {
        "asus-px-keyboard-tool": "asus-px-keyboard-tool",
        "catppuccin": "catppuccin",
        "catppuccin-zen-browser": "catppuccin-zen-browser",
        "dank-material-shell": "dank-material-shell",
        "dankcalendar": "dankcalendar",
        "disko": "disko",
        "firefox-extensions-declarative": "firefox-extensions-declarative",
        "github-avatar": "github-avatar",
        "home-manager": "home-manager",
        "hyprdynamicmonitors": "hyprdynamicmonitors",
        "lanzaboote": "lanzaboote",
        "llm-agents": "llm-agents",
        "niri-nix": "niri-nix",
        "niri-pr-fork": "niri-pr-fork",
        "nix-gaming": "nix-gaming",
        "nix-index-database": "nix-index-database",
        "nixos-hardware": "nixos-hardware",
        "nixpkgs": "nixpkgs_10",
        "nixpkgs-unstable": "nixpkgs-unstable",
        "sops-nix": "sops-nix",
        "walls": "walls",
        "wayland-pipewire-idle-inhibit": "wayland-pipewire-idle-inhibit",
        "zen-browser": "zen-browser"
      },
      "locked": {
        "lastModified": 1786353572,
        "narHash": "sha256-6kmsgZwAtjnF9cdnMGGySPJK27QYw83CwhWecoJEHIQ=",
        "owner": "atimofeev",
        "repo": "nixos-config",
        "rev": "e6cabf876c570ea1c7013b76e037a0443a26c9c4",
        "type": "github"
      },
      "original": {
        "owner": "atimofeev",
        "repo": "nixos-config",
        "type": "github"
      }
    },
    "nixos-hardware": {
      "inputs": {
        "nixpkgs": "nixpkgs_9"
      },
      "locked": {
        "lastModified": 1785232496,
        "narHash": "sha256-65EQYIRRpTdpH8lUiB6Mvo5uBkG60aBIzAJuALfx+O0=",
        "owner": "NixOS",
        "repo": "nixos-hardware",
        "rev": "2e790b0a6be8ec2b76174ac0931b8ff11919ec98",
        "type": "github"
      },
      "original": {
        "owner": "NixOS",
        "ref": "master",
        "repo": "nixos-hardware",
        "type": "github"
      }
    },
    "nixpkgs": {
      "locked": {
        "lastModified": 1757034884,
        "narHash": "sha256-PgLSZDBEWUHpfTRfFyklmiiLBE1i1aGCtz4eRA3POao=",
        "owner": "NixOS",
        "repo": "nixpkgs",
        "rev": "ca77296380960cd497a765102eeb1356eb80fed0",
        "type": "github"
      },
      "original": {
        "owner": "NixOS",
        "ref": "nixpkgs-unstable",
        "repo": "nixpkgs",
        "type": "github"
      }
    },
    "nixpkgs-lib": {
      "locked": {
        "lastModified": 1785031560,
        "narHash": "sha256-OmshNvn2vupOFpYinLUu+1Dnpu4n7Q5N3ggGVNHpkUI=",
        "owner": "nix-community",
        "repo": "nixpkgs.lib",
        "rev": "0e79af5e3d4dcfcd676ab5ba3f95d2e3352e078c",
        "type": "github"
      },
      "original": {
        "owner": "nix-community",
        "repo": "nixpkgs.lib",
        "type": "github"
      }
    },
    "nixpkgs-lib_2": {
      "locked": {
        "lastModified": 1785031560,
        "narHash": "sha256-OmshNvn2vupOFpYinLUu+1Dnpu4n7Q5N3ggGVNHpkUI=",
        "owner": "nix-community",
        "repo": "nixpkgs.lib",
        "rev": "0e79af5e3d4dcfcd676ab5ba3f95d2e3352e078c",
        "type": "github"
      },
      "original": {
        "owner": "nix-community",
        "repo": "nixpkgs.lib",
        "type": "github"
      }
    },
    "nixpkgs-unstable": {
      "locked": {
        "lastModified": 1785828668,
        "narHash": "sha256-8fsyqeO+mJqvIzeO4xIpgJe/f7MTbbVTEC6RT6WSXNs=",
        "owner": "nixos",
        "repo": "nixpkgs",
        "rev": "e72e4f299401a3689d4b3d5fc6496b11db7064eb",
        "type": "github"
      },
      "original": {
        "owner": "nixos",
        "ref": "nixos-unstable",
        "repo": "nixpkgs",
        "type": "github"
      }
    },
    "nixpkgs_10": {
      "locked": {
        "lastModified": 1785858998,
        "narHash": "sha256-fKCq5jphd6l/Ms6gc3dptkw/TcKLYub9lQE5g6rbbkc=",
        "owner": "nixos",
        "repo": "nixpkgs",
        "rev": "04607e1165ac22c5fde6dcc54c9e0b3c0487c555",
        "type": "github"
      },
      "original": {
        "owner": "nixos",
        "ref": "nixos-26.05",
        "repo": "nixpkgs",
        "type": "github"
      }
    },
    "nixpkgs_11": {
      "locked": {
        "lastModified": 1785454630,
        "narHash": "sha256-LQy14TZp77TwbQf40gg1V3jo8FwJG0jGDkAH+zRHqg8=",
        "owner": "nixos",
        "repo": "nixpkgs",
        "rev": "1559d3daa3ecc813a650b79375ea61b6741b8746",
        "type": "github"
      },
      "original": {
        "owner": "nixos",
        "ref": "nixos-unstable",
        "repo": "nixpkgs",
        "type": "github"
      }
    },
    "nixpkgs_12": {
      "locked": {
        "lastModified": 1786247143,
        "narHash": "sha256-8S3Kcxs7D4UtxJxSJZz0m14CGhuW0MxfrIwJxeGWGnQ=",
        "owner": "nixos",
        "repo": "nixpkgs",
        "rev": "279b4a8275f032c566576b3f181fa0f27197f588",
        "type": "github"
      },
      "original": {
        "owner": "nixos",
        "ref": "nixos-unstable",
        "repo": "nixpkgs",
        "type": "github"
      }
    },
    "nixpkgs_2": {
      "locked": {
        "lastModified": 1785301185,
        "narHash": "sha256-PlAXr9kpfXhMFU0OQ7qtE8FhLQo21WXFVGqIC85UFyc=",
        "rev": "9bc02893134c733dd85de46ee4fb2fac696b5529",
        "type": "tarball",
        "url": "https://releases.nixos.org/nixpkgs/nixpkgs-26.11pre1043539.9bc02893134c/nixexprs.tar.xz"
      },
      "original": {
        "type": "tarball",
        "url": "https://channels.nixos.org/nixpkgs-unstable/nixexprs.tar.xz"
      }
    },
    "nixpkgs_3": {
      "locked": {
        "lastModified": 1781577229,
        "narHash": "sha256-lrp67w8AulE9Ks53n27I45ADSzbOCn4H+CNW1Ck8B+8=",
        "owner": "NixOS",
        "repo": "nixpkgs",
        "rev": "567a49d1913ce81ac6e9582e3553dd90a955875f",
        "type": "github"
      },
      "original": {
        "owner": "NixOS",
        "ref": "nixos-unstable",
        "repo": "nixpkgs",
        "type": "github"
      }
    },
    "nixpkgs_4": {
      "locked": {
        "lastModified": 1758690382,
        "narHash": "sha256-NY3kSorgqE5LMm1LqNwGne3ZLMF2/ILgLpFr1fS4X3o=",
        "owner": "NixOS",
        "repo": "nixpkgs",
        "rev": "e643668fd71b949c53f8626614b21ff71a07379d",
        "type": "github"
      },
      "original": {
        "owner": "NixOS",
        "ref": "nixos-unstable",
        "repo": "nixpkgs",
        "type": "github"
      }
    },
    "nixpkgs_5": {
      "locked": {
        "lastModified": 1784796856,
        "narHash": "sha256-wWFrV5/Qbm+lyt5x20E/bSbfJiGKMo4RCxZV8cl/WZI=",
        "owner": "NixOS",
        "repo": "nixpkgs",
        "rev": "e2587caef70cea85dd97d7daab492899902dbf5d",
        "type": "github"
      },
      "original": {
        "owner": "NixOS",
        "ref": "nixos-unstable",
        "repo": "nixpkgs",
        "type": "github"
      }
    },
    "nixpkgs_6": {
      "locked": {
        "lastModified": 1785747939,
        "narHash": "sha256-D740uKsMbgsfK2oaDenJLLPIZfq7W0/g4KN/Fls8eKs=",
        "owner": "NixOS",
        "repo": "nixpkgs",
        "rev": "104240a772428cc2e20d8fd86c9ddbb886bbaff2",
        "type": "github"
      },
      "original": {
        "owner": "NixOS",
        "ref": "nixpkgs-unstable",
        "repo": "nixpkgs",
        "type": "github"
      }
    },
    "nixpkgs_7": {
      "locked": {
        "lastModified": 1785828668,
        "narHash": "sha256-8fsyqeO+mJqvIzeO4xIpgJe/f7MTbbVTEC6RT6WSXNs=",
        "owner": "nixos",
        "repo": "nixpkgs",
        "rev": "e72e4f299401a3689d4b3d5fc6496b11db7064eb",
        "type": "github"
      },
      "original": {
        "owner": "nixos",
        "ref": "nixos-unstable",
        "repo": "nixpkgs",
        "type": "github"
      }
    },
    "nixpkgs_8": {
      "locked": {
        "lastModified": 1785542685,
        "narHash": "sha256-sjfvXMbG5pCFgpvw2OZAFcZiTvrppCWvnB6cuGrSY08=",
        "owner": "NixOS",
        "repo": "nixpkgs",
        "rev": "f8e81fc7eb063db454f563cdd596fb96a5ad1497",
        "type": "github"
      },
      "original": {
        "owner": "NixOS",
        "ref": "nixpkgs-unstable",
        "repo": "nixpkgs",
        "type": "github"
      }
    },
    "nixpkgs_9": {
      "locked": {
        "lastModified": 1767892417,
        "narHash": "sha256-8bW3q88CEg2u4hSP66Vf4lpbLonHz7hqDNBMcCY7E9U=",
        "rev": "3497aa5c9457a9d88d71fa93a4a8368816fbeeba",
        "type": "tarball",
        "url": "https://releases.nixos.org/nixos/unstable/nixos-26.05pre924538.3497aa5c9457/nixexprs.tar.xz"
      },
      "original": {
        "type": "tarball",
        "url": "https://channels.nixos.org/nixos-unstable/nixexprs.tar.xz"
      }
    },
    "nixvim": {
      "inputs": {
        "flake-parts": "flake-parts_6",
        "nixpkgs": [
          "nixpkgs"
        ],
        "systems": "systems_4"
      },
      "locked": {
        "lastModified": 1786376793,
        "narHash": "sha256-57PySMBzfIOqHYfBQhDMIFy9CHMpRArhK9gWHZsp3/g=",
        "owner": "nix-community",
        "repo": "nixvim",
        "rev": "902dd3995bd830f824ca146796743e3baf587d4c",
        "type": "github"
      },
      "original": {
        "owner": "nix-community",
        "repo": "nixvim",
        "type": "github"
      }
    },
    "pre-commit": {
      "inputs": {
        "flake-compat": "flake-compat_2",
        "nixpkgs": [
          "nixos-config",
          "lanzaboote",
          "nixpkgs"
        ]
      },
      "locked": {
        "lastModified": 1784288435,
        "narHash": "sha256-ReRHaLgr/uVqdD8afFSn+myXIfpHeOhP0yYe0TJqAA8=",
        "owner": "cachix",
        "repo": "git-hooks.nix",
        "rev": "43b3c1ab9d40fb1dbb008f451988a91e375825e9",
        "type": "github"
      },
      "original": {
        "owner": "cachix",
        "repo": "git-hooks.nix",
        "type": "github"
      }
    },
    "root": {
      "inputs": {
        "flake-parts": "flake-parts",
        "nixos-config": "nixos-config",
        "nixpkgs": "nixpkgs_12",
        "nixvim": "nixvim"
      }
    },
    "rust-overlay": {
      "inputs": {
        "nixpkgs": [
          "nixos-config",
          "lanzaboote",
          "nixpkgs"
        ]
      },
      "locked": {
        "lastModified": 1785044261,
        "narHash": "sha256-ehF/c4fLdgmNu7YXEClnmwhoBYddhYIVoSQpsZoorC4=",
        "owner": "oxalica",
        "repo": "rust-overlay",
        "rev": "fe2124391e739e7b3e8720cd8a73f06edd0aceba",
        "type": "github"
      },
      "original": {
        "owner": "oxalica",
        "repo": "rust-overlay",
        "type": "github"
      }
    },
    "sops-nix": {
      "inputs": {
        "nixpkgs": [
          "nixos-config",
          "nixpkgs"
        ]
      },
      "locked": {
        "lastModified": 1783174389,
        "narHash": "sha256-aCWC8ngycU7OdJrU2+Je3qf+1a2ykuBvpPhZT/9tXMc=",
        "owner": "Mic92",
        "repo": "sops-nix",
        "rev": "f1406619a3884cd5c47992a70b8b35c9c0fcb4c9",
        "type": "github"
      },
      "original": {
        "owner": "Mic92",
        "repo": "sops-nix",
        "type": "github"
      }
    },
    "systems": {
      "locked": {
        "lastModified": 1681028828,
        "narHash": "sha256-Vy1rq5AaRuLzOxct8nz4T6wlgyUR7zLU309k9mBC768=",
        "owner": "nix-systems",
        "repo": "default",
        "rev": "da67096a3b9bf56a91d16901293e51ba5b49a27e",
        "type": "github"
      },
      "original": {
        "owner": "nix-systems",
        "repo": "default",
        "type": "github"
      }
    },
    "systems_2": {
      "locked": {
        "lastModified": 1681028828,
        "narHash": "sha256-Vy1rq5AaRuLzOxct8nz4T6wlgyUR7zLU309k9mBC768=",
        "owner": "nix-systems",
        "repo": "default",
        "rev": "da67096a3b9bf56a91d16901293e51ba5b49a27e",
        "type": "github"
      },
      "original": {
        "owner": "nix-systems",
        "repo": "default",
        "type": "github"
      }
    },
    "systems_3": {
      "locked": {
        "lastModified": 1689347949,
        "narHash": "sha256-12tWmuL2zgBgZkdoB6qXZsgJEH9LR3oUgpaQq2RbI80=",
        "owner": "nix-systems",
        "repo": "default-linux",
        "rev": "31732fcf5e8fea42e59c2488ad31a0e651500f68",
        "type": "github"
      },
      "original": {
        "owner": "nix-systems",
        "repo": "default-linux",
        "type": "github"
      }
    },
    "systems_4": {
      "locked": {
        "lastModified": 1774449309,
        "narHash": "sha256-brhZ8DmuGtzkCYHJg4HEd602amKm89Y9ytsFZ5uWD1w=",
        "owner": "nix-systems",
        "repo": "default",
        "rev": "c29398b59d2048c4ab79345812849c9bd15e9150",
        "type": "github"
      },
      "original": {
        "owner": "nix-systems",
        "ref": "future-26.11",
        "repo": "default",
        "type": "github"
      }
    },
    "treefmt-nix": {
      "inputs": {
        "nixpkgs": [
          "nixos-config",
          "firefox-extensions-declarative",
          "nixpkgs"
        ]
      },
      "locked": {
        "lastModified": 1780220602,
        "narHash": "sha256-eynAfOmbmxJnkp7YewvCEbShNnnYJ9gLLqkzsYtBPeM=",
        "owner": "numtide",
        "repo": "treefmt-nix",
        "rev": "db947814a175b7ca6ded66e21383d938df01c227",
        "type": "github"
      },
      "original": {
        "owner": "numtide",
        "repo": "treefmt-nix",
        "type": "github"
      }
    },
    "treefmt-nix_2": {
      "inputs": {
        "nixpkgs": [
          "nixos-config",
          "llm-agents",
          "nixpkgs"
        ]
      },
      "locked": {
        "lastModified": 1785360170,
        "narHash": "sha256-XE1lKgQ3eIO3E7zWryqcRsax+mYXod/5RHBn4YaR9YE=",
        "owner": "numtide",
        "repo": "treefmt-nix",
        "rev": "d1187f8bc71fb8aab02395869ec3f5c1920f75c0",
        "type": "github"
      },
      "original": {
        "owner": "numtide",
        "repo": "treefmt-nix",
        "type": "github"
      }
    },
    "treefmt-nix_3": {
      "inputs": {
        "nixpkgs": [
          "nixos-config",
          "wayland-pipewire-idle-inhibit",
          "nixpkgs"
        ]
      },
      "locked": {
        "lastModified": 1773297127,
        "narHash": "sha256-6E/yhXP7Oy/NbXtf1ktzmU8SdVqJQ09HC/48ebEGBpk=",
        "owner": "numtide",
        "repo": "treefmt-nix",
        "rev": "71b125cd05fbfd78cab3e070b73544abe24c5016",
        "type": "github"
      },
      "original": {
        "owner": "numtide",
        "repo": "treefmt-nix",
        "type": "github"
      }
    },
    "walls": {
      "flake": false,
      "locked": {
        "lastModified": 1766317396,
        "narHash": "sha256-ty+ot0ChK5mBURAn711w+b48h2PD97Eip05zcKg+wa0=",
        "owner": "atimofeev",
        "repo": "walls",
        "rev": "b6cdf6bacf068bcc921091ee086d79aa9ba173b9",
        "type": "github"
      },
      "original": {
        "owner": "atimofeev",
        "repo": "walls",
        "type": "github"
      }
    },
    "wayland-pipewire-idle-inhibit": {
      "inputs": {
        "flake-parts": "flake-parts_5",
        "nixpkgs": [
          "nixos-config",
          "nixpkgs-unstable"
        ],
        "systems": "systems_3",
        "treefmt-nix": "treefmt-nix_3"
      },
      "locked": {
        "lastModified": 1773888879,
        "narHash": "sha256-AIj8Ib66ej35UNlbvGh0zW2lpGQfsh2aJbnxgBNaWAY=",
        "owner": "rafaelrc7",
        "repo": "wayland-pipewire-idle-inhibit",
        "rev": "948aa87003f6c94080650804a6974182e5948ca1",
        "type": "github"
      },
      "original": {
        "owner": "rafaelrc7",
        "repo": "wayland-pipewire-idle-inhibit",
        "type": "github"
      }
    },
    "xwayland-satellite-unstable": {
      "flake": false,
      "locked": {
        "lastModified": 1784679892,
        "narHash": "sha256-Mb7jpqnrcYCfNSItIkkHpuR3YxWFxPuIBfcwNKlRBkk=",
        "owner": "Supreeeme",
        "repo": "xwayland-satellite",
        "rev": "8d135d3b2854b30fd01ea6cd6c27e523dd50a839",
        "type": "github"
      },
      "original": {
        "owner": "Supreeeme",
        "repo": "xwayland-satellite",
        "type": "github"
      }
    },
    "zen-browser": {
      "inputs": {
        "home-manager": "home-manager_2",
        "nixpkgs": "nixpkgs_11"
      },
      "locked": {
        "lastModified": 1785915548,
        "narHash": "sha256-uF+QIxu7hhxKgzh7ai2uWVmeiqJYDC1C4fJ4P/IFZ/k=",
        "owner": "0xc000022070",
        "repo": "zen-browser-flake",
        "rev": "a7504841b8869ef5950c1b71f062ca51ca724a02",
        "type": "github"
      },
      "original": {
        "owner": "0xc000022070",
        "repo": "zen-browser-flake",
        "type": "github"
      }
    }
  },
  "root": "root",
  "version": 7
}
